PODS:
  - AparajitaCapacitorBiometricAuth (8.0.2):
    - Capacitor
  - Capacitor (7.5.0):
    - CapacitorCordova
  - CapacitorApp (7.1.2):
    - Capacitor
  - CapacitorBrowser (7.0.4):
    - Capacitor
  - CapacitorCordova (7.5.0)
  - CapacitorHaptics (7.0.3):
    - Capacitor
  - CapacitorKeyboard (7.0.4):
    - Capacitor
  - CapacitorNetwork (7.0.4):
    - Capacitor
  - CapacitorPreferences (7.0.4):
    - Capacitor
  - CapacitorStatusBar (7.0.5):
    - Capacitor

DEPENDENCIES:
  - "AparajitaCapacitorBiometricAuth (from `../../node_modules/@aparajita/capacitor-biometric-auth`)"
  - "Capacitor (from `../../node_modules/@capacitor/ios`)"
  - "CapacitorApp (from `../../node_modules/@capacitor/app`)"
  - "CapacitorBrowser (from `../../node_modules/@capacitor/browser`)"
  - "CapacitorCordova (from `../../node_modules/@capacitor/ios`)"
  - "CapacitorHaptics (from `../../node_modules/@capacitor/haptics`)"
  - "CapacitorKeyboard (from `../../node_modules/@capacitor/keyboard`)"
  - "CapacitorNetwork (from `../../node_modules/@capacitor/network`)"
  - "CapacitorPreferences (from `../../node_modules/@capacitor/preferences`)"
  - "CapacitorStatusBar (from `../../node_modules/@capacitor/status-bar`)"

EXTERNAL SOURCES:
  AparajitaCapacitorBiometricAuth:
    :path: "../../node_modules/@aparajita/capacitor-biometric-auth"
  Capacitor:
    :path: "../../node_modules/@capacitor/ios"
  CapacitorApp:
    :path: "../../node_modules/@capacitor/app"
  CapacitorBrowser:
    :path: "../../node_modules/@capacitor/browser"
  CapacitorCordova:
    :path: "../../node_modules/@capacitor/ios"
  CapacitorHaptics:
    :path: "../../node_modules/@capacitor/haptics"
  CapacitorKeyboard:
    :path: "../../node_modules/@capacitor/keyboard"
  CapacitorNetwork:
    :path: "../../node_modules/@capacitor/network"
  CapacitorPreferences:
    :path: "../../node_modules/@capacitor/preferences"
  CapacitorStatusBar:
    :path: "../../node_modules/@capacitor/status-bar"

SPEC CHECKSUMS:
  AparajitaCapacitorBiometricAuth: 3057403ee3e9e390e57bfb92b576f439157951b8
  Capacitor: 5f723a6113395cfef3bbabf0d2b8e9ca1201c681
  CapacitorApp: 6b89831465d6bc99bc89779b1b7f5327e33011ce
  CapacitorBrowser: d0a1ab6a22835100eb6a203a54571d11f82bf7a7
  CapacitorCordova: ae35646a9b46cfd00d637f195509c86594026aad
  CapacitorHaptics: d17da7dd984cae34111b3f097ccd3e21f9feec62
  CapacitorKeyboard: 45cae3956a6f4fb1753f9a4df3e884aeaed8fe82
  CapacitorNetwork: 3d56050f929a8c86427a5b28558ce605e7cf61b3
  CapacitorPreferences: d82a7e3b95fcab43a553268b803356522910d153
  CapacitorStatusBar: b4bdcf487553983ffc68d81dfe1668bacb48252f

PODFILE CHECKSUM: 50ab801fe6578e2b422fc13c2d7fe203007887d0

COCOAPODS: 1.15.2
